// !$*UTF8*$!
{
	archiveVersion = 1;
	classes = {
	};
	objectVersion = 56;
	objects = {

/* Begin PBXBuildFile section */
		C90361402A8F259D00C5E44F /* TMBDbMovieListApp.swift in Sources */ = {isa = PBXBuildFile; fileRef = C903613F2A8F259D00C5E44F /* TMBDbMovieListApp.swift */; };
		C90361442A8F259F00C5E44F /* Assets.xcassets in Resources */ = {isa = PBXBuildFile; fileRef = C90361432A8F259F00C5E44F /* Assets.xcassets */; };
		C90361472A8F259F00C5E44F /* Preview Assets.xcassets in Resources */ = {isa = PBXBuildFile; fileRef = C90361462A8F259F00C5E44F /* Preview Assets.xcassets */; };
		C903614E2A8F25BF00C5E44F /* MovieView.swift in Sources */ = {isa = PBXBuildFile; fileRef = C903614D2A8F25BF00C5E44F /* MovieView.swift */; };
		C97D06432AB60653000CD2EB /* MovieViewModel.swift in Sources */ = {isa = PBXBuildFile; fileRef = C97D06422AB60653000CD2EB /* MovieViewModel.swift */; };
		C98BCDF12AC863B600CA2CC0 /* MovieDetailsView.swift in Sources */ = {isa = PBXBuildFile; fileRef = C98BCDF02AC863B600CA2CC0 /* MovieDetailsView.swift */; };
		C9946D982ACB05F300514D3C /* FullScreenImageView.swift in Sources */ = {isa = PBXBuildFile; fileRef = C9946D972ACB05F300514D3C /* FullScreenImageView.swift */; };
		C9A7A7302ABC94C700C2A4A1 /* MovieModel.swift in Sources */ = {isa = PBXBuildFile; fileRef = C9A7A72F2ABC94C700C2A4A1 /* MovieModel.swift */; };
/* End PBXBuildFile section */

/* Begin PBXFileReference section */
		C903613C2A8F259D00C5E44F /* TMBDbMovieList.app */ = {isa = PBXFileReference; explicitFileType = wrapper.application; includeInIndex = 0; path = TMBDbMovieList.app; sourceTree = BUILT_PRODUCTS_DIR; };
		C903613F2A8F259D00C5E44F /* TMBDbMovieListApp.swift */ = {isa = PBXFileReference; lastKnownFileType = sourcecode.swift; path = TMBDbMovieListApp.swift; sourceTree = "<group>"; };
		C90361432A8F259F00C5E44F /* Assets.xcassets */ = {isa = PBXFileReference; lastKnownFileType = folder.assetcatalog; path = Assets.xcassets; sourceTree = "<group>"; };
		C90361462A8F259F00C5E44F /* Preview Assets.xcassets */ = {isa = PBXFileReference; lastKnownFileType = folder.assetcatalog; path = "Preview Assets.xcassets"; sourceTree = "<group>"; };
		C903614D2A8F25BF00C5E44F /* MovieView.swift */ = {isa = PBXFileReference; lastKnownFileType = sourcecode.swift; path = MovieView.swift; sourceTree = "<group>"; };
		C97D06422AB60653000CD2EB /* MovieViewModel.swift */ = {isa = PBXFileReference; lastKnownFileType = sourcecode.swift; path = MovieViewModel.swift; sourceTree = "<group>"; };
		C98BCDF02AC863B600CA2CC0 /* MovieDetailsView.swift */ = {isa = PBXFileReference; lastKnownFileType = sourcecode.swift; path = MovieDetailsView.swift; sourceTree = "<group>"; };
		C9946D972ACB05F300514D3C /* FullScreenImageView.swift */ = {isa = PBXFileReference; lastKnownFileType = sourcecode.swift; path = FullScreenImageView.swift; sourceTree = "<group>"; };
		C9A7A72F2ABC94C700C2A4A1 /* MovieModel.swift */ = {isa = PBXFileReference; lastKnownFileType = sourcecode.swift; path = MovieModel.swift; sourceTree = "<group>"; };
/* End PBXFileReference section */

/* Begin PBXFrameworksBuildPhase section */
		C90361392A8F259D00C5E44F /* Frameworks */ = {
			isa = PBXFrameworksBuildPhase;
			buildActionMask = 2147483647;
			files = (
			);
			runOnlyForDeploymentPostprocessing = 0;
		};
/* End PBXFrameworksBuildPhase section */

/* Begin PBXGroup section */
		C90361332A8F259D00C5E44F = {
			isa = PBXGroup;
			children = (
				C903613E2A8F259D00C5E44F /* TMBDbMovieList */,
				C903613D2A8F259D00C5E44F /* Products */,
			);
			sourceTree = "<group>";
		};
		C903613D2A8F259D00C5E44F /* Products */ = {
			isa = PBXGroup;
			children = (
				C903613C2A8F259D00C5E44F /* TMBDbMovieList.app */,
			);
			name = Products;
			sourceTree = "<group>";
		};
		C903613E2A8F259D00C5E44F /* TMBDbMovieList */ = {
			isa = PBXGroup;
			children = (
				C903613F2A8F259D00C5E44F /* TMBDbMovieListApp.swift */,
				C98BCDEF2AC8611900CA2CC0 /* View */,
				C9A7A72F2ABC94C700C2A4A1 /* MovieModel.swift */,
				C97D06422AB60653000CD2EB /* MovieViewModel.swift */,
				C90361432A8F259F00C5E44F /* Assets.xcassets */,
				C90361452A8F259F00C5E44F /* Preview Content */,
			);
			path = TMBDbMovieList;
			sourceTree = "<group>";
		};
		C90361452A8F259F00C5E44F /* Preview Content */ = {
			isa = PBXGroup;
			children = (
				C90361462A8F259F00C5E44F /* Preview Assets.xcassets */,
			);
			path = "Preview Content";
			sourceTree = "<group>";
		};
		C98BCDEF2AC8611900CA2CC0 /* View */ = {
			isa = PBXGroup;
			children = (
				C903614D2A8F25BF00C5E44F /* MovieView.swift */,
				C98BCDF02AC863B600CA2CC0 /* MovieDetailsView.swift */,
				C9946D972ACB05F300514D3C /* FullScreenImageView.swift */,
			);
			path = View;
			sourceTree = "<group>";
		};
/* End PBXGroup section */

/* Begin PBXNativeTarget section */
		C903613B2A8F259D00C5E44F /* TMBDbMovieList */ = {
			isa = PBXNativeTarget;
			buildConfigurationList = C903614A2A8F259F00C5E44F /* Build configuration list for PBXNativeTarget "TMBDbMovieList" */;
			buildPhases = (
				C90361382A8F259D00C5E44F /* Sources */,
				C90361392A8F259D00C5E44F /* Frameworks */,
				C903613A2A8F259D00C5E44F /* Resources */,
			);
			buildRules = (
			);
			dependencies = (
			);
			name = TMBDbMovieList;
			productName = TMBDbMovieList;
			productReference = C903613C2A8F259D00C5E44F /* TMBDbMovieList.app */;
			productType = "com.apple.product-type.application";
		};
/* End PBXNativeTarget section */

/* Begin PBXProject section */
		C90361342A8F259D00C5E44F /* Project object */ = {
			isa = PBXProject;
			attributes = {
				BuildIndependentTargetsInParallel = 1;
				LastSwiftUpdateCheck = 1420;
				LastUpgradeCheck = 1420;
				TargetAttributes = {
					C903613B2A8F259D00C5E44F = {
						CreatedOnToolsVersion = 14.2;
					};
				};
			};
			buildConfigurationList = C90361372A8F259D00C5E44F /* Build configuration list for PBXProject "TMBDbMovieList" */;
			compatibilityVersion = "Xcode 14.0";
			developmentRegion = en;
			hasScannedForEncodings = 0;
			knownRegions = (
				en,
				Base,
			);
			mainGroup = C90361332A8F259D00C5E44F;
			productRefGroup = C903613D2A8F259D00C5E44F /* Products */;
			projectDirPath = "";
			projectRoot = "";
			targets = (
				C903613B2A8F259D00C5E44F /* TMBDbMovieList */,
			);
		};
/* End PBXProject section */

/* Begin PBXResourcesBuildPhase section */
		C903613A2A8F259D00C5E44F /* Resources */ = {
			isa = PBXResourcesBuildPhase;
			buildActionMask = 2147483647;
			files = (
				C90361472A8F259F00C5E44F /* Preview Assets.xcassets in Resources */,
				C90361442A8F259F00C5E44F /* Assets.xcassets in Resources */,
			);
			runOnlyForDeploymentPostprocessing = 0;
		};
/* End PBXResourcesBuildPhase section */

/* Begin PBXSourcesBuildPhase section */
		C90361382A8F259D00C5E44F /* Sources */ = {
			isa = PBXSourcesBuildPhase;
			buildActionMask = 2147483647;
			files = (
				C903614E2A8F25BF00C5E44F /* MovieView.swift in Sources */,
				C9A7A7302ABC94C700C2A4A1 /* MovieModel.swift in Sources */,
				C90361402A8F259D00C5E44F /* TMBDbMovieListApp.swift in Sources */,
				C9946D982ACB05F300514D3C /* FullScreenImageView.swift in Sources */,
				C97D06432AB60653000CD2EB /* MovieViewModel.swift in Sources */,
				C98BCDF12AC863B600CA2CC0 /* MovieDetailsView.swift in Sources */,
			);
			runOnlyForDeploymentPostprocessing = 0;
		};
/* End PBXSourcesBuildPhase section */

/* Begin XCBuildConfiguration section */
		C90361482A8F259F00C5E44F /* Debug */ = {
			isa = XCBuildConfiguration;
			buildSettings = {
				ALWAYS_SEARCH_USER_PATHS = NO;
				CLANG_ANALYZER_NONNULL = YES;
				CLANG_ANALYZER_NUMBER_OBJECT_CONVERSION = YES_AGGRESSIVE;
				CLANG_CXX_LANGUAGE_STANDARD = "gnu++20";
				CLANG_ENABLE_MODULES = YES;
				CLANG_ENABLE_OBJC_ARC = YES;
				CLANG_ENABLE_OBJC_WEAK = YES;
				CLANG_WARN_BLOCK_CAPTURE_AUTORELEASING = YES;
				CLANG_WARN_BOOL_CONVERSION = YES;
				CLANG_WARN_COMMA = YES;
				CLANG_WARN_CONSTANT_CONVERSION = YES;
				CLANG_WARN_DEPRECATED_OBJC_IMPLEMENTATIONS = YES;
				CLANG_WARN_DIRECT_OBJC_ISA_USAGE = YES_ERROR;
				CLANG_WARN_DOCUMENTATION_COMMENTS = YES;
				CLANG_WARN_EMPTY_BODY = YES;
				CLANG_WARN_ENUM_CONVERSION = YES;
				CLANG_WARN_INFINITE_RECURSION = YES;
				CLANG_WARN_INT_CONVERSION = YES;
				CLANG_WARN_NON_LITERAL_NULL_CONVERSION = YES;
				CLANG_WARN_OBJC_IMPLICIT_RETAIN_SELF = YES;
				CLANG_WARN_OBJC_LITERAL_CONVERSION = YES;
				CLANG_WARN_OBJC_ROOT_CLASS = YES_ERROR;
				CLANG_WARN_QUOTED_INCLUDE_IN_FRAMEWORK_HEADER = YES;
				CLANG_WARN_RANGE_LOOP_ANALYSIS = YES;
				CLANG_WARN_STRICT_PROTOTYPES = YES;
				CLANG_WARN_SUSPICIOUS_MOVE = YES;
				CLANG_WARN_UNGUARDED_AVAILABILITY = YES_AGGRESSIVE;
				CLANG_WARN_UNREACHABLE_CODE = YES;
				CLANG_WARN__DUPLICATE_METHOD_MATCH = YES;
				COPY_PHASE_STRIP = NO;
				DEBUG_INFORMATION_FORMAT = dwarf;
				ENABLE_STRICT_OBJC_MSGSEND = YES;
				ENABLE_TESTABILITY = YES;
				GCC_C_LANGUAGE_STANDARD = gnu11;
				GCC_DYNAMIC_NO_PIC = NO;
				GCC_NO_COMMON_BLOCKS = YES;
				GCC_OPTIMIZATION_LEVEL = 0;
				GCC_PREPROCESSOR_DEFINITIONS = (
					"DEBUG=1",
					"$(inherited)",
				);
				GCC_WARN_64_TO_32_BIT_CONVERSION = YES;
				GCC_WARN_ABOUT_RETURN_TYPE = YES_ERROR;
				GCC_WARN_UNDECLARED_SELECTOR = YES;
				GCC_WARN_UNINITIALIZED_AUTOS = YES_AGGRESSIVE;
				GCC_WARN_UNUSED_FUNCTION = YES;
				GCC_WARN_UNUSED_VARIABLE = YES;
				IPHONEOS_DEPLOYMENT_TARGET = 16.2;
				MTL_ENABLE_DEBUG_INFO = INCLUDE_SOURCE;
				MTL_FAST_MATH = YES;
				ONLY_ACTIVE_ARCH = YES;
				SDKROOT = iphoneos;
				SWIFT_ACTIVE_COMPILATION_CONDITIONS = DEBUG;
				SWIFT_OPTIMIZATION_LEVEL = "-Onone";
			};
			name = Debug;
		};
		C90361492A8F259F00C5E44F /* Release */ = {
			isa = XCBuildConfiguration;
			buildSettings = {
				ALWAYS_SEARCH_USER_PATHS = NO;
				CLANG_ANALYZER_NONNULL = YES;
				CLANG_ANALYZER_NUMBER_OBJECT_CONVERSION = YES_AGGRESSIVE;
				CLANG_CXX_LANGUAGE_STANDARD = "gnu++20";
				CLANG_ENABLE_MODULES = YES;
				CLANG_ENABLE_OBJC_ARC = YES;
				CLANG_ENABLE_OBJC_WEAK = YES;
				CLANG_WARN_BLOCK_CAPTURE_AUTORELEASING = YES;
				CLANG_WARN_BOOL_CONVERSION = YES;
				CLANG_WARN_COMMA = YES;
				CLANG_WARN_CONSTANT_CONVERSION = YES;
				CLANG_WARN_DEPRECATED_OBJC_IMPLEMENTATIONS = YES;
				CLANG_WARN_DIRECT_OBJC_ISA_USAGE = YES_ERROR;
				CLANG_WARN_DOCUMENTATION_COMMENTS = YES;
				CLANG_WARN_EMPTY_BODY = YES;
				CLANG_WARN_ENUM_CONVERSION = YES;
				CLANG_WARN_INFINITE_RECURSION = YES;
				CLANG_WARN_INT_CONVERSION = YES;
				CLANG_WARN_NON_LITERAL_NULL_CONVERSION = YES;
				CLANG_WARN_OBJC_IMPLICIT_RETAIN_SELF = YES;
				CLANG_WARN_OBJC_LITERAL_CONVERSION = YES;
				CLANG_WARN_OBJC_ROOT_CLASS = YES_ERROR;
				CLANG_WARN_QUOTED_INCLUDE_IN_FRAMEWORK_HEADER = YES;
				CLANG_WARN_RANGE_LOOP_ANALYSIS = YES;
				CLANG_WARN_STRICT_PROTOTYPES = YES;
				CLANG_WARN_SUSPICIOUS_MOVE = YES;
				CLANG_WARN_UNGUARDED_AVAILABILITY = YES_AGGRESSIVE;
				CLANG_WARN_UNREACHABLE_CODE = YES;
				CLANG_WARN__DUPLICATE_METHOD_MATCH = YES;
				COPY_PHASE_STRIP = NO;
				DEBUG_INFORMATION_FORMAT = "dwarf-with-dsym";
				ENABLE_NS_ASSERTIONS = NO;
				ENABLE_STRICT_OBJC_MSGSEND = YES;
				GCC_C_LANGUAGE_STANDARD = gnu11;
				GCC_NO_COMMON_BLOCKS = YES;
				GCC_WARN_64_TO_32_BIT_CONVERSION = YES;
				GCC_WARN_ABOUT_RETURN_TYPE = YES_ERROR;
				GCC_WARN_UNDECLARED_SELECTOR = YES;
				GCC_WARN_UNINITIALIZED_AUTOS = YES_AGGRESSIVE;
				GCC_WARN_UNUSED_FUNCTION = YES;
				GCC_WARN_UNUSED_VARIABLE = YES;
				IPHONEOS_DEPLOYMENT_TARGET = 16.2;
				MTL_ENABLE_DEBUG_INFO = NO;
				MTL_FAST_MATH = YES;
				SDKROOT = iphoneos;
				SWIFT_COMPILATION_MODE = wholemodule;
				SWIFT_OPTIMIZATION_LEVEL = "-O";
				VALIDATE_PRODUCT = YES;
			};
			name = Release;
		};
		C903614B2A8F259F00C5E44F /* Debug */ = {
			isa = XCBuildConfiguration;
			buildSettings = {
				ASSETCATALOG_COMPILER_APPICON_NAME = AppIcon;
				ASSETCATALOG_COMPILER_GLOBAL_ACCENT_COLOR_NAME = AccentColor;
				CODE_SIGN_STYLE = Automatic;
				CURRENT_PROJECT_VERSION = 1;
				DEVELOPMENT_ASSET_PATHS = "\"TMBDbMovieList/Preview Content\"";
				ENABLE_PREVIEWS = YES;
				GENERATE_INFOPLIST_FILE = YES;
				INFOPLIST_KEY_UIApplicationSceneManifest_Generation = YES;
				INFOPLIST_KEY_UIApplicationSupportsIndirectInputEvents = YES;
				INFOPLIST_KEY_UILaunchScreen_Generation = YES;
				INFOPLIST_KEY_UISupportedInterfaceOrientations_iPad = "UIInterfaceOrientationPortrait UIInterfaceOrientationPortraitUpsideDown UIInterfaceOrientationLandscapeLeft UIInterfaceOrientationLandscapeRight";
				INFOPLIST_KEY_UISupportedInterfaceOrientations_iPhone = "UIInterfaceOrientationPortrait UIInterfaceOrientationLandscapeLeft UIInterfaceOrientationLandscapeRight";
				LD_RUNPATH_SEARCH_PATHS = (
					"$(inherited)",
					"@executable_path/Frameworks",
				);
				MARKETING_VERSION = 1.0;
				PRODUCT_BUNDLE_IDENTIFIER = com.TMDBMovieList.TMBDbMovieList;
				PRODUCT_NAME = "$(TARGET_NAME)";
				SWIFT_EMIT_LOC_STRINGS = YES;
				SWIFT_VERSION = 5.0;
				TARGETED_DEVICE_FAMILY = "1,2";
			};
			name = Debug;
		};
		C903614C2A8F259F00C5E44F /* Release */ = {
			isa = XCBuildConfiguration;
			buildSettings = {
				ASSETCATALOG_COMPILER_APPICON_NAME = AppIcon;
				ASSETCATALOG_COMPILER_GLOBAL_ACCENT_COLOR_NAME = AccentColor;
				CODE_SIGN_STYLE = Automatic;
				CURRENT_PROJECT_VERSION = 1;
				DEVELOPMENT_ASSET_PATHS = "\"TMBDbMovieList/Preview Content\"";
				ENABLE_PREVIEWS = YES;
				GENERATE_INFOPLIST_FILE = YES;
				INFOPLIST_KEY_UIApplicationSceneManifest_Generation = YES;
				INFOPLIST_KEY_UIApplicationSupportsIndirectInputEvents = YES;
				INFOPLIST_KEY_UILaunchScreen_Generation = YES;
				INFOPLIST_KEY_UISupportedInterfaceOrientations_iPad = "UIInterfaceOrientationPortrait UIInterfaceOrientationPortraitUpsideDown UIInterfaceOrientationLandscapeLeft UIInterfaceOrientationLandscapeRight";
				INFOPLIST_KEY_UISupportedInterfaceOrientations_iPhone = "UIInterfaceOrientationPortrait UIInterfaceOrientationLandscapeLeft UIInterfaceOrientationLandscapeRight";
				LD_RUNPATH_SEARCH_PATHS = (
					"$(inherited)",
					"@executable_path/Frameworks",
				);
				MARKETING_VERSION = 1.0;
				PRODUCT_BUNDLE_IDENTIFIER = com.TMDBMovieList.TMBDbMovieList;
				PRODUCT_NAME = "$(TARGET_NAME)";
				SWIFT_EMIT_LOC_STRINGS = YES;
				SWIFT_VERSION = 5.0;
				TARGETED_DEVICE_FAMILY = "1,2";
			};
			name = Release;
		};
/* End XCBuildConfiguration section */

/* Begin XCConfigurationList section */
		C90361372A8F259D00C5E44F /* Build configuration list for PBXProject "TMBDbMovieList" */ = {
			isa = XCConfigurationList;
			buildConfigurations = (
				C90361482A8F259F00C5E44F /* Debug */,
				C90361492A8F259F00C5E44F /* Release */,
			);
			defaultConfigurationIsVisible = 0;
			defaultConfigurationName = Release;
		};
		C903614A2A8F259F00C5E44F /* Build configuration list for PBXNativeTarget "TMBDbMovieList" */ = {
			isa = XCConfigurationList;
			buildConfigurations = (
				C903614B2A8F259F00C5E44F /* Debug */,
				C903614C2A8F259F00C5E44F /* Release */,
			);
			defaultConfigurationIsVisible = 0;
			defaultConfigurationName = Release;
		};
/* End XCConfigurationList section */
	};
	rootObject = C90361342A8F259D00C5E44F /* Project object */;
}
